
Microsoft Visual Studio Solution File, Format Version 12.00
# Visual Studio Version 16
VisualStudioVersion = 16.0.30309.148
MinimumVisualStudioVersion = 10.0.40219.1
Project("{FAE04EC0-301F-11D3-BF4B-00C04F79EFBC}") = "ErrorsAndExceptions_DaileyKyle07222020", "ErrorsAndExceptions_DaileyKyle07222020\ErrorsAndExceptions_DaileyKyle07222020.csproj", "{E64C9522-FF61-4BD9-B578-C3B0EDB2CE37}"
EndProject
Global
	GlobalSection(SolutionConfigurationPlatforms) = preSolution
		Debug|Any CPU = Debug|Any CPU
		Release|Any CPU = Release|Any CPU
	EndGlobalSection
	GlobalSection(ProjectConfigurationPlatforms) = postSolution
		{E64C9522-FF61-4BD9-B578-C3B0EDB2CE37}.Debug|Any CPU.ActiveCfg = Debug|Any CPU
		{E64C9522-FF61-4BD9-B578-C3B0EDB2CE37}.Debug|Any CPU.Build.0 = Debug|Any CPU
		{E64C9522-FF61-4BD9-B578-C3B0EDB2CE37}.Release|Any CPU.ActiveCfg = Release|Any CPU
		{E64C9522-FF61-4BD9-B578-C3B0EDB2CE37}.Release|Any CPU.Build.0 = Release|Any CPU
	EndGlobalSection
	GlobalSection(SolutionProperties) = preSolution
		HideSolutionNode = FALSE
	EndGlobalSection
	GlobalSection(ExtensibilityGlobals) = postSolution
		SolutionGuid = {C3B410CB-AC93-4C8B-ABBD-BA203A072713}
	EndGlobalSection
EndGlobal
