
Microsoft Visual Studio Solution File, Format Version 12.00
# Visual Studio Version 16
VisualStudioVersion = 16.0.30225.117
MinimumVisualStudioVersion = 10.0.40219.1
Project("{FAE04EC0-301F-11D3-BF4B-00C04F79EFBC}") = "KyleDaileyCalculatingAverages2_07092020", "KyleDaileyCalculatingAverages2_07092020\KyleDaileyCalculatingAverages2_07092020.csproj", "{AAF5BFA6-14D0-4898-8A63-B66931C55B14}"
EndProject
Global
	GlobalSection(SolutionConfigurationPlatforms) = preSolution
		Debug|Any CPU = Debug|Any CPU
		Release|Any CPU = Release|Any CPU
	EndGlobalSection
	GlobalSection(ProjectConfigurationPlatforms) = postSolution
		{AAF5BFA6-14D0-4898-8A63-B66931C55B14}.Debug|Any CPU.ActiveCfg = Debug|Any CPU
		{AAF5BFA6-14D0-4898-8A63-B66931C55B14}.Debug|Any CPU.Build.0 = Debug|Any CPU
		{AAF5BFA6-14D0-4898-8A63-B66931C55B14}.Release|Any CPU.ActiveCfg = Release|Any CPU
		{AAF5BFA6-14D0-4898-8A63-B66931C55B14}.Release|Any CPU.Build.0 = Release|Any CPU
	EndGlobalSection
	GlobalSection(SolutionProperties) = preSolution
		HideSolutionNode = FALSE
	EndGlobalSection
	GlobalSection(ExtensibilityGlobals) = postSolution
		SolutionGuid = {F9AF699E-0E35-4562-9039-EBF3E27470A9}
	EndGlobalSection
EndGlobal
