
Microsoft Visual Studio Solution File, Format Version 12.00
# Visual Studio Version 16
VisualStudioVersion = 16.0.30225.117
MinimumVisualStudioVersion = 10.0.40219.1
Project("{FAE04EC0-301F-11D3-BF4B-00C04F79EFBC}") = "KyleDaileyCalculatingAverages4_07092020", "KyleDaileyCalculatingAverages4_07092020\KyleDaileyCalculatingAverages4_07092020.csproj", "{506B85C9-EEF0-4D8D-82BC-C68DA6BE8B8C}"
EndProject
Global
	GlobalSection(SolutionConfigurationPlatforms) = preSolution
		Debug|Any CPU = Debug|Any CPU
		Release|Any CPU = Release|Any CPU
	EndGlobalSection
	GlobalSection(ProjectConfigurationPlatforms) = postSolution
		{506B85C9-EEF0-4D8D-82BC-C68DA6BE8B8C}.Debug|Any CPU.ActiveCfg = Debug|Any CPU
		{506B85C9-EEF0-4D8D-82BC-C68DA6BE8B8C}.Debug|Any CPU.Build.0 = Debug|Any CPU
		{506B85C9-EEF0-4D8D-82BC-C68DA6BE8B8C}.Release|Any CPU.ActiveCfg = Release|Any CPU
		{506B85C9-EEF0-4D8D-82BC-C68DA6BE8B8C}.Release|Any CPU.Build.0 = Release|Any CPU
	EndGlobalSection
	GlobalSection(SolutionProperties) = preSolution
		HideSolutionNode = FALSE
	EndGlobalSection
	GlobalSection(ExtensibilityGlobals) = postSolution
		SolutionGuid = {6BE9185C-EF3F-4D3B-9E9F-3F6B928D194B}
	EndGlobalSection
EndGlobal
